
Microsoft Visual Studio Solution File, Format Version 12.00
# Visual Studio Version 17
VisualStudioVersion = 17.13.35806.99 d17.13
MinimumVisualStudioVersion = 10.0.40219.1
Project("{FAE04EC0-301F-11D3-BF4B-00C04F79EFBC}") = "Admas HRM2", "Admas HRM2\Admas HRM2.csproj", "{92231D9B-F2AB-4E65-9926-AD7A40B69306}"
EndProject
Global
	GlobalSection(SolutionConfigurationPlatforms) = preSolution
		Debug|Any CPU = Debug|Any CPU
		Release|Any CPU = Release|Any CPU
	EndGlobalSection
	GlobalSection(ProjectConfigurationPlatforms) = postSolution
		{92231D9B-F2AB-4E65-9926-AD7A40B69306}.Debug|Any CPU.ActiveCfg = Debug|Any CPU
		{92231D9B-F2AB-4E65-9926-AD7A40B69306}.Debug|Any CPU.Build.0 = Debug|Any CPU
		{92231D9B-F2AB-4E65-9926-AD7A40B69306}.Release|Any CPU.ActiveCfg = Release|Any CPU
		{92231D9B-F2AB-4E65-9926-AD7A40B69306}.Release|Any CPU.Build.0 = Release|Any CPU
	EndGlobalSection
	GlobalSection(SolutionProperties) = preSolution
		HideSolutionNode = FALSE
	EndGlobalSection
	GlobalSection(ExtensibilityGlobals) = postSolution
		SolutionGuid = {BA135B43-9474-4670-9E93-C0E88B294AAA}
	EndGlobalSection
EndGlobal
